{
  "name": "@kyna-language/cli",
  "version": "1.0.0",
  "lockfileVersion": 3,
  "requires": true,
  "packages": {
    "": {
      "name": "@kyna-language/cli",
      "version": "1.0.0",
      "hasInstallScript": true,
      "license": "MIT",
      "bin": {
        "ky": "bin/ky.js",
        "kyna": "bin/ky.js"
      },
      "engines": {
        "node": ">=18"
      }
    }
  }
}
